{
  "version": "5",
  "specifiers": {
    "jsr:@hono/hono@*": "4.10.7"
  },
  "jsr": {
    "@hono/hono@4.10.7": {
      "integrity": "b60512559d554f20a945e07a6c5f115e57cbd4c024da9217833c8e7b2c90355d"
    }
  },
  "workspace": {
    "packageJson": {
      "dependencies": [
        "npm:axios@^1.13.2",
        "npm:dotenv@^17.2.3",
        "npm:express@^5.2.1",
        "npm:form-data@^4.0.5",
        "npm:multer@^2.0.2",
        "npm:nodemailer@^7.0.11"
      ]
    }
  }
}
